
Microsoft Visual Studio Solution File, Format Version 12.00
# Visual Studio 15
VisualStudioVersion = 15.0.28010.2016
MinimumVisualStudioVersion = 10.0.40219.1
Project("{FAE04EC0-301F-11D3-BF4B-00C04F79EFBC}") = "HaptiX.RAMHX.Management", "HaptiX.RAMHX.Management\HaptiX.RAMHX.Management.csproj", "{A813C2F1-3A3A-4FB1-A506-A38B80840E0B}"
EndProject
Global
	GlobalSection(SolutionConfigurationPlatforms) = preSolution
		Debug|Any CPU = Debug|Any CPU
		Release|Any CPU = Release|Any CPU
	EndGlobalSection
	GlobalSection(ProjectConfigurationPlatforms) = postSolution
		{A813C2F1-3A3A-4FB1-A506-A38B80840E0B}.Debug|Any CPU.ActiveCfg = Debug|Any CPU
		{A813C2F1-3A3A-4FB1-A506-A38B80840E0B}.Debug|Any CPU.Build.0 = Debug|Any CPU
		{A813C2F1-3A3A-4FB1-A506-A38B80840E0B}.Release|Any CPU.ActiveCfg = Release|Any CPU
		{A813C2F1-3A3A-4FB1-A506-A38B80840E0B}.Release|Any CPU.Build.0 = Release|Any CPU
	EndGlobalSection
	GlobalSection(SolutionProperties) = preSolution
		HideSolutionNode = FALSE
	EndGlobalSection
	GlobalSection(ExtensibilityGlobals) = postSolution
		SolutionGuid = {B5608FAC-8DEE-4661-8B80-E90AD2B94DE3}
	EndGlobalSection
EndGlobal
